// !$*UTF8*$!
{
	archiveVersion = 1;
	classes = {
	};
	objectVersion = 46;
	objects = {

/* Begin PBXBuildFile section */
		D1B186EE1D1DF92D0029CEC0 /* main.m in Sources */ = {isa = PBXBuildFile; fileRef = D1B186ED1D1DF92D0029CEC0 /* main.m */; };
		D1B186F11D1DF92D0029CEC0 /* AppDelegate.m in Sources */ = {isa = PBXBuildFile; fileRef = D1B186F01D1DF92D0029CEC0 /* AppDelegate.m */; };
		D1B186F41D1DF92D0029CEC0 /* Home.m in Sources */ = {isa = PBXBuildFile; fileRef = D1B186F31D1DF92D0029CEC0 /* Home.m */; };
		D1B186F71D1DF92D0029CEC0 /* Main.storyboard in Resources */ = {isa = PBXBuildFile; fileRef = D1B186F51D1DF92D0029CEC0 /* Main.storyboard */; };
		D1B186FA1D1DF92D0029CEC0 /* Navigation_Controller.xcdatamodeld in Sources */ = {isa = PBXBuildFile; fileRef = D1B186F81D1DF92D0029CEC0 /* Navigation_Controller.xcdatamodeld */; };
		D1B186FC1D1DF92D0029CEC0 /* Assets.xcassets in Resources */ = {isa = PBXBuildFile; fileRef = D1B186FB1D1DF92D0029CEC0 /* Assets.xcassets */; };
		D1B186FF1D1DF92D0029CEC0 /* LaunchScreen.storyboard in Resources */ = {isa = PBXBuildFile; fileRef = D1B186FD1D1DF92D0029CEC0 /* LaunchScreen.storyboard */; };
		D1B1870C1D1DFCE90029CEC0 /* cellHome.m in Sources */ = {isa = PBXBuildFile; fileRef = D1B1870A1D1DFCE90029CEC0 /* cellHome.m */; };
		D1B1870D1D1DFCE90029CEC0 /* cellHome.xib in Resources */ = {isa = PBXBuildFile; fileRef = D1B1870B1D1DFCE90029CEC0 /* cellHome.xib */; };
		D1B187161D1E05B40029CEC0 /* destination01.png in Resources */ = {isa = PBXBuildFile; fileRef = D1B187101D1E05B40029CEC0 /* destination01.png */; };
		D1B187171D1E05B40029CEC0 /* destination02.png in Resources */ = {isa = PBXBuildFile; fileRef = D1B187111D1E05B40029CEC0 /* destination02.png */; };
		D1B187181D1E05B40029CEC0 /* destination03.png in Resources */ = {isa = PBXBuildFile; fileRef = D1B187121D1E05B40029CEC0 /* destination03.png */; };
		D1B187191D1E05B40029CEC0 /* destination04.png in Resources */ = {isa = PBXBuildFile; fileRef = D1B187131D1E05B40029CEC0 /* destination04.png */; };
		D1B1871A1D1E05B40029CEC0 /* destination05.png in Resources */ = {isa = PBXBuildFile; fileRef = D1B187141D1E05B40029CEC0 /* destination05.png */; };
		D1B1871D1D1E0C7B0029CEC0 /* DestinationDetails.m in Sources */ = {isa = PBXBuildFile; fileRef = D1B1871C1D1E0C7B0029CEC0 /* DestinationDetails.m */; };
/* End PBXBuildFile section */

/* Begin PBXFileReference section */
		D1B186E91D1DF92D0029CEC0 /* Navigation Controller.app */ = {isa = PBXFileReference; explicitFileType = wrapper.application; includeInIndex = 0; path = "Navigation Controller.app"; sourceTree = BUILT_PRODUCTS_DIR; };
		D1B186ED1D1DF92D0029CEC0 /* main.m */ = {isa = PBXFileReference; lastKnownFileType = sourcecode.c.objc; path = main.m; sourceTree = "<group>"; };
		D1B186EF1D1DF92D0029CEC0 /* AppDelegate.h */ = {isa = PBXFileReference; lastKnownFileType = sourcecode.c.h; path = AppDelegate.h; sourceTree = "<group>"; };
		D1B186F01D1DF92D0029CEC0 /* AppDelegate.m */ = {isa = PBXFileReference; lastKnownFileType = sourcecode.c.objc; path = AppDelegate.m; sourceTree = "<group>"; };
		D1B186F21D1DF92D0029CEC0 /* Home.h */ = {isa = PBXFileReference; lastKnownFileType = sourcecode.c.h; path = Home.h; sourceTree = "<group>"; };
		D1B186F31D1DF92D0029CEC0 /* Home.m */ = {isa = PBXFileReference; lastKnownFileType = sourcecode.c.objc; path = Home.m; sourceTree = "<group>"; };
		D1B186F61D1DF92D0029CEC0 /* Base */ = {isa = PBXFileReference; lastKnownFileType = file.storyboard; name = Base; path = Base.lproj/Main.storyboard; sourceTree = "<group>"; };
		D1B186F91D1DF92D0029CEC0 /* Navigation_Controller.xcdatamodel */ = {isa = PBXFileReference; lastKnownFileType = wrapper.xcdatamodel; path = Navigation_Controller.xcdatamodel; sourceTree = "<group>"; };
		D1B186FB1D1DF92D0029CEC0 /* Assets.xcassets */ = {isa = PBXFileReference; lastKnownFileType = folder.assetcatalog; path = Assets.xcassets; sourceTree = "<group>"; };
		D1B186FE1D1DF92D0029CEC0 /* Base */ = {isa = PBXFileReference; lastKnownFileType = file.storyboard; name = Base; path = Base.lproj/LaunchScreen.storyboard; sourceTree = "<group>"; };
		D1B187001D1DF92D0029CEC0 /* Info.plist */ = {isa = PBXFileReference; lastKnownFileType = text.plist.xml; path = Info.plist; sourceTree = "<group>"; };
		D1B187091D1DFCE90029CEC0 /* cellHome.h */ = {isa = PBXFileReference; fileEncoding = 4; lastKnownFileType = sourcecode.c.h; path = cellHome.h; sourceTree = "<group>"; };
		D1B1870A1D1DFCE90029CEC0 /* cellHome.m */ = {isa = PBXFileReference; fileEncoding = 4; lastKnownFileType = sourcecode.c.objc; path = cellHome.m; sourceTree = "<group>"; };
		D1B1870B1D1DFCE90029CEC0 /* cellHome.xib */ = {isa = PBXFileReference; fileEncoding = 4; lastKnownFileType = file.xib; path = cellHome.xib; sourceTree = "<group>"; };
		D1B187101D1E05B40029CEC0 /* destination01.png */ = {isa = PBXFileReference; lastKnownFileType = image.png; path = destination01.png; sourceTree = "<group>"; };
		D1B187111D1E05B40029CEC0 /* destination02.png */ = {isa = PBXFileReference; lastKnownFileType = image.png; path = destination02.png; sourceTree = "<group>"; };
		D1B187121D1E05B40029CEC0 /* destination03.png */ = {isa = PBXFileReference; lastKnownFileType = image.png; path = destination03.png; sourceTree = "<group>"; };
		D1B187131D1E05B40029CEC0 /* destination04.png */ = {isa = PBXFileReference; lastKnownFileType = image.png; path = destination04.png; sourceTree = "<group>"; };
		D1B187141D1E05B40029CEC0 /* destination05.png */ = {isa = PBXFileReference; lastKnownFileType = image.png; path = destination05.png; sourceTree = "<group>"; };
		D1B1871B1D1E0C7B0029CEC0 /* DestinationDetails.h */ = {isa = PBXFileReference; fileEncoding = 4; lastKnownFileType = sourcecode.c.h; path = DestinationDetails.h; sourceTree = "<group>"; };
		D1B1871C1D1E0C7B0029CEC0 /* DestinationDetails.m */ = {isa = PBXFileReference; fileEncoding = 4; lastKnownFileType = sourcecode.c.objc; path = DestinationDetails.m; sourceTree = "<group>"; };
/* End PBXFileReference section */

/* Begin PBXFrameworksBuildPhase section */
		D1B186E61D1DF92D0029CEC0 /* Frameworks */ = {
			isa = PBXFrameworksBuildPhase;
			buildActionMask = 2147483647;
			files = (
			);
			runOnlyForDeploymentPostprocessing = 0;
		};
/* End PBXFrameworksBuildPhase section */

/* Begin PBXGroup section */
		D1B186E01D1DF92D0029CEC0 = {
			isa = PBXGroup;
			children = (
				D1B186EB1D1DF92D0029CEC0 /* Navigation Controller */,
				D1B186EA1D1DF92D0029CEC0 /* Products */,
			);
			sourceTree = "<group>";
		};
		D1B186EA1D1DF92D0029CEC0 /* Products */ = {
			isa = PBXGroup;
			children = (
				D1B186E91D1DF92D0029CEC0 /* Navigation Controller.app */,
			);
			name = Products;
			sourceTree = "<group>";
		};
		D1B186EB1D1DF92D0029CEC0 /* Navigation Controller */ = {
			isa = PBXGroup;
			children = (
				D1B187071D1DF94C0029CEC0 /* Main */,
				D1B187061D1DF9440029CEC0 /* Controllers */,
				D1B187081D1DFCB10029CEC0 /* Cells */,
				D1B1870E1D1E05B40029CEC0 /* imgs */,
				D1B186F51D1DF92D0029CEC0 /* Main.storyboard */,
				D1B186FB1D1DF92D0029CEC0 /* Assets.xcassets */,
				D1B186FD1D1DF92D0029CEC0 /* LaunchScreen.storyboard */,
				D1B187001D1DF92D0029CEC0 /* Info.plist */,
				D1B186F81D1DF92D0029CEC0 /* Navigation_Controller.xcdatamodeld */,
				D1B186EC1D1DF92D0029CEC0 /* Supporting Files */,
			);
			path = "Navigation Controller";
			sourceTree = "<group>";
		};
		D1B186EC1D1DF92D0029CEC0 /* Supporting Files */ = {
			isa = PBXGroup;
			children = (
				D1B186ED1D1DF92D0029CEC0 /* main.m */,
			);
			name = "Supporting Files";
			sourceTree = "<group>";
		};
		D1B187061D1DF9440029CEC0 /* Controllers */ = {
			isa = PBXGroup;
			children = (
				D1B186F21D1DF92D0029CEC0 /* Home.h */,
				D1B186F31D1DF92D0029CEC0 /* Home.m */,
				D1B1871B1D1E0C7B0029CEC0 /* DestinationDetails.h */,
				D1B1871C1D1E0C7B0029CEC0 /* DestinationDetails.m */,
			);
			name = Controllers;
			sourceTree = "<group>";
		};
		D1B187071D1DF94C0029CEC0 /* Main */ = {
			isa = PBXGroup;
			children = (
				D1B186EF1D1DF92D0029CEC0 /* AppDelegate.h */,
				D1B186F01D1DF92D0029CEC0 /* AppDelegate.m */,
			);
			name = Main;
			sourceTree = "<group>";
		};
		D1B187081D1DFCB10029CEC0 /* Cells */ = {
			isa = PBXGroup;
			children = (
				D1B187091D1DFCE90029CEC0 /* cellHome.h */,
				D1B1870A1D1DFCE90029CEC0 /* cellHome.m */,
				D1B1870B1D1DFCE90029CEC0 /* cellHome.xib */,
			);
			name = Cells;
			sourceTree = "<group>";
		};
		D1B1870E1D1E05B40029CEC0 /* imgs */ = {
			isa = PBXGroup;
			children = (
				D1B187101D1E05B40029CEC0 /* destination01.png */,
				D1B187111D1E05B40029CEC0 /* destination02.png */,
				D1B187121D1E05B40029CEC0 /* destination03.png */,
				D1B187131D1E05B40029CEC0 /* destination04.png */,
				D1B187141D1E05B40029CEC0 /* destination05.png */,
			);
			path = imgs;
			sourceTree = "<group>";
		};
/* End PBXGroup section */

/* Begin PBXNativeTarget section */
		D1B186E81D1DF92D0029CEC0 /* Navigation Controller */ = {
			isa = PBXNativeTarget;
			buildConfigurationList = D1B187031D1DF92D0029CEC0 /* Build configuration list for PBXNativeTarget "Navigation Controller" */;
			buildPhases = (
				D1B186E51D1DF92D0029CEC0 /* Sources */,
				D1B186E61D1DF92D0029CEC0 /* Frameworks */,
				D1B186E71D1DF92D0029CEC0 /* Resources */,
			);
			buildRules = (
			);
			dependencies = (
			);
			name = "Navigation Controller";
			productName = "Navigation Controller";
			productReference = D1B186E91D1DF92D0029CEC0 /* Navigation Controller.app */;
			productType = "com.apple.product-type.application";
		};
/* End PBXNativeTarget section */

/* Begin PBXProject section */
		D1B186E11D1DF92D0029CEC0 /* Project object */ = {
			isa = PBXProject;
			attributes = {
				LastUpgradeCheck = 0730;
				ORGANIZATIONNAME = Smartplace;
				TargetAttributes = {
					D1B186E81D1DF92D0029CEC0 = {
						CreatedOnToolsVersion = 7.3;
					};
				};
			};
			buildConfigurationList = D1B186E41D1DF92D0029CEC0 /* Build configuration list for PBXProject "Navigation Controller" */;
			compatibilityVersion = "Xcode 3.2";
			developmentRegion = English;
			hasScannedForEncodings = 0;
			knownRegions = (
				en,
				Base,
			);
			mainGroup = D1B186E01D1DF92D0029CEC0;
			productRefGroup = D1B186EA1D1DF92D0029CEC0 /* Products */;
			projectDirPath = "";
			projectRoot = "";
			targets = (
				D1B186E81D1DF92D0029CEC0 /* Navigation Controller */,
			);
		};
/* End PBXProject section */

/* Begin PBXResourcesBuildPhase section */
		D1B186E71D1DF92D0029CEC0 /* Resources */ = {
			isa = PBXResourcesBuildPhase;
			buildActionMask = 2147483647;
			files = (
				D1B187181D1E05B40029CEC0 /* destination03.png in Resources */,
				D1B186FF1D1DF92D0029CEC0 /* LaunchScreen.storyboard in Resources */,
				D1B186FC1D1DF92D0029CEC0 /* Assets.xcassets in Resources */,
				D1B187171D1E05B40029CEC0 /* destination02.png in Resources */,
				D1B187161D1E05B40029CEC0 /* destination01.png in Resources */,
				D1B187191D1E05B40029CEC0 /* destination04.png in Resources */,
				D1B1871A1D1E05B40029CEC0 /* destination05.png in Resources */,
				D1B1870D1D1DFCE90029CEC0 /* cellHome.xib in Resources */,
				D1B186F71D1DF92D0029CEC0 /* Main.storyboard in Resources */,
			);
			runOnlyForDeploymentPostprocessing = 0;
		};
/* End PBXResourcesBuildPhase section */

/* Begin PBXSourcesBuildPhase section */
		D1B186E51D1DF92D0029CEC0 /* Sources */ = {
			isa = PBXSourcesBuildPhase;
			buildActionMask = 2147483647;
			files = (
				D1B186F41D1DF92D0029CEC0 /* Home.m in Sources */,
				D1B186FA1D1DF92D0029CEC0 /* Navigation_Controller.xcdatamodeld in Sources */,
				D1B186F11D1DF92D0029CEC0 /* AppDelegate.m in Sources */,
				D1B1870C1D1DFCE90029CEC0 /* cellHome.m in Sources */,
				D1B186EE1D1DF92D0029CEC0 /* main.m in Sources */,
				D1B1871D1D1E0C7B0029CEC0 /* DestinationDetails.m in Sources */,
			);
			runOnlyForDeploymentPostprocessing = 0;
		};
/* End PBXSourcesBuildPhase section */

/* Begin PBXVariantGroup section */
		D1B186F51D1DF92D0029CEC0 /* Main.storyboard */ = {
			isa = PBXVariantGroup;
			children = (
				D1B186F61D1DF92D0029CEC0 /* Base */,
			);
			name = Main.storyboard;
			sourceTree = "<group>";
		};
		D1B186FD1D1DF92D0029CEC0 /* LaunchScreen.storyboard */ = {
			isa = PBXVariantGroup;
			children = (
				D1B186FE1D1DF92D0029CEC0 /* Base */,
			);
			name = LaunchScreen.storyboard;
			sourceTree = "<group>";
		};
/* End PBXVariantGroup section */

/* Begin XCBuildConfiguration section */
		D1B187011D1DF92D0029CEC0 /* Debug */ = {
			isa = XCBuildConfiguration;
			buildSettings = {
				ALWAYS_SEARCH_USER_PATHS = NO;
				CLANG_ANALYZER_NONNULL = YES;
				CLANG_CXX_LANGUAGE_STANDARD = "gnu++0x";
				CLANG_CXX_LIBRARY = "libc++";
				CLANG_ENABLE_MODULES = YES;
				CLANG_ENABLE_OBJC_ARC = YES;
				CLANG_WARN_BOOL_CONVERSION = YES;
				CLANG_WARN_CONSTANT_CONVERSION = YES;
				CLANG_WARN_DIRECT_OBJC_ISA_USAGE = YES_ERROR;
				CLANG_WARN_EMPTY_BODY = YES;
				CLANG_WARN_ENUM_CONVERSION = YES;
				CLANG_WARN_INT_CONVERSION = YES;
				CLANG_WARN_OBJC_ROOT_CLASS = YES_ERROR;
				CLANG_WARN_UNREACHABLE_CODE = YES;
				CLANG_WARN__DUPLICATE_METHOD_MATCH = YES;
				"CODE_SIGN_IDENTITY[sdk=iphoneos*]" = "iPhone Developer";
				COPY_PHASE_STRIP = NO;
				DEBUG_INFORMATION_FORMAT = dwarf;
				ENABLE_STRICT_OBJC_MSGSEND = YES;
				ENABLE_TESTABILITY = YES;
				GCC_C_LANGUAGE_STANDARD = gnu99;
				GCC_DYNAMIC_NO_PIC = NO;
				GCC_NO_COMMON_BLOCKS = YES;
				GCC_OPTIMIZATION_LEVEL = 0;
				GCC_PREPROCESSOR_DEFINITIONS = (
					"DEBUG=1",
					"$(inherited)",
				);
				GCC_WARN_64_TO_32_BIT_CONVERSION = YES;
				GCC_WARN_ABOUT_RETURN_TYPE = YES_ERROR;
				GCC_WARN_UNDECLARED_SELECTOR = YES;
				GCC_WARN_UNINITIALIZED_AUTOS = YES_AGGRESSIVE;
				GCC_WARN_UNUSED_FUNCTION = YES;
				GCC_WARN_UNUSED_VARIABLE = YES;
				IPHONEOS_DEPLOYMENT_TARGET = 9.3;
				MTL_ENABLE_DEBUG_INFO = YES;
				ONLY_ACTIVE_ARCH = YES;
				SDKROOT = iphoneos;
			};
			name = Debug;
		};
		D1B187021D1DF92D0029CEC0 /* Release */ = {
			isa = XCBuildConfiguration;
			buildSettings = {
				ALWAYS_SEARCH_USER_PATHS = NO;
				CLANG_ANALYZER_NONNULL = YES;
				CLANG_CXX_LANGUAGE_STANDARD = "gnu++0x";
				CLANG_CXX_LIBRARY = "libc++";
				CLANG_ENABLE_MODULES = YES;
				CLANG_ENABLE_OBJC_ARC = YES;
				CLANG_WARN_BOOL_CONVERSION = YES;
				CLANG_WARN_CONSTANT_CONVERSION = YES;
				CLANG_WARN_DIRECT_OBJC_ISA_USAGE = YES_ERROR;
				CLANG_WARN_EMPTY_BODY = YES;
				CLANG_WARN_ENUM_CONVERSION = YES;
				CLANG_WARN_INT_CONVERSION = YES;
				CLANG_WARN_OBJC_ROOT_CLASS = YES_ERROR;
				CLANG_WARN_UNREACHABLE_CODE = YES;
				CLANG_WARN__DUPLICATE_METHOD_MATCH = YES;
				"CODE_SIGN_IDENTITY[sdk=iphoneos*]" = "iPhone Developer";
				COPY_PHASE_STRIP = NO;
				DEBUG_INFORMATION_FORMAT = "dwarf-with-dsym";
				ENABLE_NS_ASSERTIONS = NO;
				ENABLE_STRICT_OBJC_MSGSEND = YES;
				GCC_C_LANGUAGE_STANDARD = gnu99;
				GCC_NO_COMMON_BLOCKS = YES;
				GCC_WARN_64_TO_32_BIT_CONVERSION = YES;
				GCC_WARN_ABOUT_RETURN_TYPE = YES_ERROR;
				GCC_WARN_UNDECLARED_SELECTOR = YES;
				GCC_WARN_UNINITIALIZED_AUTOS = YES_AGGRESSIVE;
				GCC_WARN_UNUSED_FUNCTION = YES;
				GCC_WARN_UNUSED_VARIABLE = YES;
				IPHONEOS_DEPLOYMENT_TARGET = 9.3;
				MTL_ENABLE_DEBUG_INFO = NO;
				SDKROOT = iphoneos;
				VALIDATE_PRODUCT = YES;
			};
			name = Release;
		};
		D1B187041D1DF92D0029CEC0 /* Debug */ = {
			isa = XCBuildConfiguration;
			buildSettings = {
				ASSETCATALOG_COMPILER_APPICON_NAME = AppIcon;
				INFOPLIST_FILE = "Navigation Controller/Info.plist";
				LD_RUNPATH_SEARCH_PATHS = "$(inherited) @executable_path/Frameworks";
				PRODUCT_BUNDLE_IDENTIFIER = "com.smartplace.Navigation-Controller";
				PRODUCT_NAME = "$(TARGET_NAME)";
			};
			name = Debug;
		};
		D1B187051D1DF92D0029CEC0 /* Release */ = {
			isa = XCBuildConfiguration;
			buildSettings = {
				ASSETCATALOG_COMPILER_APPICON_NAME = AppIcon;
				INFOPLIST_FILE = "Navigation Controller/Info.plist";
				LD_RUNPATH_SEARCH_PATHS = "$(inherited) @executable_path/Frameworks";
				PRODUCT_BUNDLE_IDENTIFIER = "com.smartplace.Navigation-Controller";
				PRODUCT_NAME = "$(TARGET_NAME)";
			};
			name = Release;
		};
/* End XCBuildConfiguration section */

/* Begin XCConfigurationList section */
		D1B186E41D1DF92D0029CEC0 /* Build configuration list for PBXProject "Navigation Controller" */ = {
			isa = XCConfigurationList;
			buildConfigurations = (
				D1B187011D1DF92D0029CEC0 /* Debug */,
				D1B187021D1DF92D0029CEC0 /* Release */,
			);
			defaultConfigurationIsVisible = 0;
			defaultConfigurationName = Release;
		};
		D1B187031D1DF92D0029CEC0 /* Build configuration list for PBXNativeTarget "Navigation Controller" */ = {
			isa = XCConfigurationList;
			buildConfigurations = (
				D1B187041D1DF92D0029CEC0 /* Debug */,
				D1B187051D1DF92D0029CEC0 /* Release */,
			);
			defaultConfigurationIsVisible = 0;
		};
/* End XCConfigurationList section */

/* Begin XCVersionGroup section */
		D1B186F81D1DF92D0029CEC0 /* Navigation_Controller.xcdatamodeld */ = {
			isa = XCVersionGroup;
			children = (
				D1B186F91D1DF92D0029CEC0 /* Navigation_Controller.xcdatamodel */,
			);
			currentVersion = D1B186F91D1DF92D0029CEC0 /* Navigation_Controller.xcdatamodel */;
			path = Navigation_Controller.xcdatamodeld;
			sourceTree = "<group>";
			versionGroupType = wrapper.xcdatamodel;
		};
/* End XCVersionGroup section */
	};
	rootObject = D1B186E11D1DF92D0029CEC0 /* Project object */;
}
