// !$*UTF8*$!
{
	archiveVersion = 1;
	classes = {
	};
	objectVersion = 46;
	objects = {

/* Begin PBXBuildFile section */
		650CA6CA1D235EDD0012058A /* cellCity.m in Sources */ = {isa = PBXBuildFile; fileRef = 650CA6C81D235EDD0012058A /* cellCity.m */; };
		650CA6CB1D235EDD0012058A /* cellCity.xib in Resources */ = {isa = PBXBuildFile; fileRef = 650CA6C91D235EDD0012058A /* cellCity.xib */; };
		654340741D2490460072E057 /* CityDetail.m in Sources */ = {isa = PBXBuildFile; fileRef = 654340731D2490460072E057 /* CityDetail.m */; };
		6553B6491D25DB9100BB49CE /* gdl.jpg in Resources */ = {isa = PBXBuildFile; fileRef = 6553B6481D25DB9100BB49CE /* gdl.jpg */; };
		6553B64E1D25DD0C00BB49CE /* arandas.jpg in Resources */ = {isa = PBXBuildFile; fileRef = 6553B64A1D25DD0C00BB49CE /* arandas.jpg */; };
		6553B64F1D25DD0C00BB49CE /* tonala.jpg in Resources */ = {isa = PBXBuildFile; fileRef = 6553B64B1D25DD0C00BB49CE /* tonala.jpg */; };
		6553B6501D25DD0C00BB49CE /* vallarta.jpg in Resources */ = {isa = PBXBuildFile; fileRef = 6553B64C1D25DD0C00BB49CE /* vallarta.jpg */; };
		6553B6511D25DD0C00BB49CE /* zapopan.jpg in Resources */ = {isa = PBXBuildFile; fileRef = 6553B64D1D25DD0C00BB49CE /* zapopan.jpg */; };
		6553B6571D25E26D00BB49CE /* culiacan.jpg in Resources */ = {isa = PBXBuildFile; fileRef = 6553B6521D25E26D00BB49CE /* culiacan.jpg */; };
		6553B6581D25E26D00BB49CE /* guasave.jpg in Resources */ = {isa = PBXBuildFile; fileRef = 6553B6531D25E26D00BB49CE /* guasave.jpg */; };
		6553B6591D25E26D00BB49CE /* losmochis.jpg in Resources */ = {isa = PBXBuildFile; fileRef = 6553B6541D25E26D00BB49CE /* losmochis.jpg */; };
		6553B65A1D25E26D00BB49CE /* mazatlan.jpg in Resources */ = {isa = PBXBuildFile; fileRef = 6553B6551D25E26D00BB49CE /* mazatlan.jpg */; };
		6553B65B1D25E26D00BB49CE /* rosario.jpg in Resources */ = {isa = PBXBuildFile; fileRef = 6553B6561D25E26D00BB49CE /* rosario.jpg */; };
		6553B6611D25E36700BB49CE /* Hermosillo.jpg in Resources */ = {isa = PBXBuildFile; fileRef = 6553B65C1D25E36700BB49CE /* Hermosillo.jpg */; };
		6553B6621D25E36700BB49CE /* navojoa.jpg in Resources */ = {isa = PBXBuildFile; fileRef = 6553B65D1D25E36700BB49CE /* navojoa.jpg */; };
		6553B6631D25E36700BB49CE /* Nogales.png in Resources */ = {isa = PBXBuildFile; fileRef = 6553B65E1D25E36700BB49CE /* Nogales.png */; };
		6553B6641D25E36700BB49CE /* Rayon.jpg in Resources */ = {isa = PBXBuildFile; fileRef = 6553B65F1D25E36700BB49CE /* Rayon.jpg */; };
		6553B6651D25E36700BB49CE /* Ures.jpg in Resources */ = {isa = PBXBuildFile; fileRef = 6553B6601D25E36700BB49CE /* Ures.jpg */; };
		6553B66B1D25E46B00BB49CE /* comondu.jpg in Resources */ = {isa = PBXBuildFile; fileRef = 6553B6661D25E46B00BB49CE /* comondu.jpg */; };
		6553B66C1D25E46B00BB49CE /* lapaz.jpg in Resources */ = {isa = PBXBuildFile; fileRef = 6553B6671D25E46B00BB49CE /* lapaz.jpg */; };
		6553B66D1D25E46B00BB49CE /* Loreto.jpg in Resources */ = {isa = PBXBuildFile; fileRef = 6553B6681D25E46B00BB49CE /* Loreto.jpg */; };
		6553B66E1D25E46B00BB49CE /* Mulege.jpg in Resources */ = {isa = PBXBuildFile; fileRef = 6553B6691D25E46B00BB49CE /* Mulege.jpg */; };
		6553B66F1D25E46B00BB49CE /* Santarosalia.jpg in Resources */ = {isa = PBXBuildFile; fileRef = 6553B66A1D25E46B00BB49CE /* Santarosalia.jpg */; };
		6553B6751D25E62D00BB49CE /* Bahia.jpg in Resources */ = {isa = PBXBuildFile; fileRef = 6553B6701D25E62D00BB49CE /* Bahia.jpg */; };
		6553B6761D25E62D00BB49CE /* Compostela.jpg in Resources */ = {isa = PBXBuildFile; fileRef = 6553B6711D25E62D00BB49CE /* Compostela.jpg */; };
		6553B6771D25E62D00BB49CE /* Sanblas.jpg in Resources */ = {isa = PBXBuildFile; fileRef = 6553B6721D25E62D00BB49CE /* Sanblas.jpg */; };
		6553B6781D25E62D00BB49CE /* Tecuala.jpg in Resources */ = {isa = PBXBuildFile; fileRef = 6553B6731D25E62D00BB49CE /* Tecuala.jpg */; };
		6553B6791D25E62D00BB49CE /* Tepic.jpg in Resources */ = {isa = PBXBuildFile; fileRef = 6553B6741D25E62D00BB49CE /* Tepic.jpg */; };
		6553B67F1D25E82500BB49CE /* BCS.jpg in Resources */ = {isa = PBXBuildFile; fileRef = 6553B67A1D25E82500BB49CE /* BCS.jpg */; };
		6553B6801D25E82500BB49CE /* Jalisco.jpg in Resources */ = {isa = PBXBuildFile; fileRef = 6553B67B1D25E82500BB49CE /* Jalisco.jpg */; };
		6553B6811D25E82500BB49CE /* Nayarit.jpg in Resources */ = {isa = PBXBuildFile; fileRef = 6553B67C1D25E82500BB49CE /* Nayarit.jpg */; };
		6553B6821D25E82500BB49CE /* Sinaloa.jpg in Resources */ = {isa = PBXBuildFile; fileRef = 6553B67D1D25E82500BB49CE /* Sinaloa.jpg */; };
		6553B6831D25E82500BB49CE /* Sonora.jpg in Resources */ = {isa = PBXBuildFile; fileRef = 6553B67E1D25E82500BB49CE /* Sonora.jpg */; };
		D1B186EE1D1DF92D0029CEC0 /* main.m in Sources */ = {isa = PBXBuildFile; fileRef = D1B186ED1D1DF92D0029CEC0 /* main.m */; };
		D1B186F11D1DF92D0029CEC0 /* AppDelegate.m in Sources */ = {isa = PBXBuildFile; fileRef = D1B186F01D1DF92D0029CEC0 /* AppDelegate.m */; };
		D1B186F41D1DF92D0029CEC0 /* Home.m in Sources */ = {isa = PBXBuildFile; fileRef = D1B186F31D1DF92D0029CEC0 /* Home.m */; };
		D1B186F71D1DF92D0029CEC0 /* Main.storyboard in Resources */ = {isa = PBXBuildFile; fileRef = D1B186F51D1DF92D0029CEC0 /* Main.storyboard */; };
		D1B186FA1D1DF92D0029CEC0 /* Navigation_Controller.xcdatamodeld in Sources */ = {isa = PBXBuildFile; fileRef = D1B186F81D1DF92D0029CEC0 /* Navigation_Controller.xcdatamodeld */; };
		D1B186FC1D1DF92D0029CEC0 /* Assets.xcassets in Resources */ = {isa = PBXBuildFile; fileRef = D1B186FB1D1DF92D0029CEC0 /* Assets.xcassets */; };
		D1B186FF1D1DF92D0029CEC0 /* LaunchScreen.storyboard in Resources */ = {isa = PBXBuildFile; fileRef = D1B186FD1D1DF92D0029CEC0 /* LaunchScreen.storyboard */; };
		D1B1870C1D1DFCE90029CEC0 /* cellHome.m in Sources */ = {isa = PBXBuildFile; fileRef = D1B1870A1D1DFCE90029CEC0 /* cellHome.m */; };
		D1B1870D1D1DFCE90029CEC0 /* cellHome.xib in Resources */ = {isa = PBXBuildFile; fileRef = D1B1870B1D1DFCE90029CEC0 /* cellHome.xib */; };
		D1B1871D1D1E0C7B0029CEC0 /* DestinationDetails.m in Sources */ = {isa = PBXBuildFile; fileRef = D1B1871C1D1E0C7B0029CEC0 /* DestinationDetails.m */; };
/* End PBXBuildFile section */

/* Begin PBXFileReference section */
		650CA6C71D235EDD0012058A /* cellCity.h */ = {isa = PBXFileReference; fileEncoding = 4; lastKnownFileType = sourcecode.c.h; path = cellCity.h; sourceTree = "<group>"; };
		650CA6C81D235EDD0012058A /* cellCity.m */ = {isa = PBXFileReference; fileEncoding = 4; lastKnownFileType = sourcecode.c.objc; path = cellCity.m; sourceTree = "<group>"; };
		650CA6C91D235EDD0012058A /* cellCity.xib */ = {isa = PBXFileReference; fileEncoding = 4; lastKnownFileType = file.xib; path = cellCity.xib; sourceTree = "<group>"; };
		654340721D2490460072E057 /* CityDetail.h */ = {isa = PBXFileReference; fileEncoding = 4; lastKnownFileType = sourcecode.c.h; path = CityDetail.h; sourceTree = "<group>"; };
		654340731D2490460072E057 /* CityDetail.m */ = {isa = PBXFileReference; fileEncoding = 4; lastKnownFileType = sourcecode.c.objc; path = CityDetail.m; sourceTree = "<group>"; };
		6553B6481D25DB9100BB49CE /* gdl.jpg */ = {isa = PBXFileReference; lastKnownFileType = image.jpeg; path = gdl.jpg; sourceTree = "<group>"; };
		6553B64A1D25DD0C00BB49CE /* arandas.jpg */ = {isa = PBXFileReference; lastKnownFileType = image.jpeg; path = arandas.jpg; sourceTree = "<group>"; };
		6553B64B1D25DD0C00BB49CE /* tonala.jpg */ = {isa = PBXFileReference; lastKnownFileType = image.jpeg; path = tonala.jpg; sourceTree = "<group>"; };
		6553B64C1D25DD0C00BB49CE /* vallarta.jpg */ = {isa = PBXFileReference; lastKnownFileType = image.jpeg; path = vallarta.jpg; sourceTree = "<group>"; };
		6553B64D1D25DD0C00BB49CE /* zapopan.jpg */ = {isa = PBXFileReference; lastKnownFileType = image.jpeg; path = zapopan.jpg; sourceTree = "<group>"; };
		6553B6521D25E26D00BB49CE /* culiacan.jpg */ = {isa = PBXFileReference; lastKnownFileType = image.jpeg; path = culiacan.jpg; sourceTree = "<group>"; };
		6553B6531D25E26D00BB49CE /* guasave.jpg */ = {isa = PBXFileReference; lastKnownFileType = image.jpeg; path = guasave.jpg; sourceTree = "<group>"; };
		6553B6541D25E26D00BB49CE /* losmochis.jpg */ = {isa = PBXFileReference; lastKnownFileType = image.jpeg; path = losmochis.jpg; sourceTree = "<group>"; };
		6553B6551D25E26D00BB49CE /* mazatlan.jpg */ = {isa = PBXFileReference; lastKnownFileType = image.jpeg; path = mazatlan.jpg; sourceTree = "<group>"; };
		6553B6561D25E26D00BB49CE /* rosario.jpg */ = {isa = PBXFileReference; lastKnownFileType = image.jpeg; path = rosario.jpg; sourceTree = "<group>"; };
		6553B65C1D25E36700BB49CE /* Hermosillo.jpg */ = {isa = PBXFileReference; lastKnownFileType = image.jpeg; path = Hermosillo.jpg; sourceTree = "<group>"; };
		6553B65D1D25E36700BB49CE /* navojoa.jpg */ = {isa = PBXFileReference; lastKnownFileType = image.jpeg; path = navojoa.jpg; sourceTree = "<group>"; };
		6553B65E1D25E36700BB49CE /* Nogales.png */ = {isa = PBXFileReference; lastKnownFileType = image.png; path = Nogales.png; sourceTree = "<group>"; };
		6553B65F1D25E36700BB49CE /* Rayon.jpg */ = {isa = PBXFileReference; lastKnownFileType = image.jpeg; path = Rayon.jpg; sourceTree = "<group>"; };
		6553B6601D25E36700BB49CE /* Ures.jpg */ = {isa = PBXFileReference; lastKnownFileType = image.jpeg; path = Ures.jpg; sourceTree = "<group>"; };
		6553B6661D25E46B00BB49CE /* comondu.jpg */ = {isa = PBXFileReference; lastKnownFileType = image.jpeg; path = comondu.jpg; sourceTree = "<group>"; };
		6553B6671D25E46B00BB49CE /* lapaz.jpg */ = {isa = PBXFileReference; lastKnownFileType = image.jpeg; path = lapaz.jpg; sourceTree = "<group>"; };
		6553B6681D25E46B00BB49CE /* Loreto.jpg */ = {isa = PBXFileReference; lastKnownFileType = image.jpeg; path = Loreto.jpg; sourceTree = "<group>"; };
		6553B6691D25E46B00BB49CE /* Mulege.jpg */ = {isa = PBXFileReference; lastKnownFileType = image.jpeg; path = Mulege.jpg; sourceTree = "<group>"; };
		6553B66A1D25E46B00BB49CE /* Santarosalia.jpg */ = {isa = PBXFileReference; lastKnownFileType = image.jpeg; path = Santarosalia.jpg; sourceTree = "<group>"; };
		6553B6701D25E62D00BB49CE /* Bahia.jpg */ = {isa = PBXFileReference; lastKnownFileType = image.jpeg; path = Bahia.jpg; sourceTree = "<group>"; };
		6553B6711D25E62D00BB49CE /* Compostela.jpg */ = {isa = PBXFileReference; lastKnownFileType = image.jpeg; path = Compostela.jpg; sourceTree = "<group>"; };
		6553B6721D25E62D00BB49CE /* Sanblas.jpg */ = {isa = PBXFileReference; lastKnownFileType = image.jpeg; path = Sanblas.jpg; sourceTree = "<group>"; };
		6553B6731D25E62D00BB49CE /* Tecuala.jpg */ = {isa = PBXFileReference; lastKnownFileType = image.jpeg; path = Tecuala.jpg; sourceTree = "<group>"; };
		6553B6741D25E62D00BB49CE /* Tepic.jpg */ = {isa = PBXFileReference; lastKnownFileType = image.jpeg; path = Tepic.jpg; sourceTree = "<group>"; };
		6553B67A1D25E82500BB49CE /* BCS.jpg */ = {isa = PBXFileReference; lastKnownFileType = image.jpeg; path = BCS.jpg; sourceTree = "<group>"; };
		6553B67B1D25E82500BB49CE /* Jalisco.jpg */ = {isa = PBXFileReference; lastKnownFileType = image.jpeg; path = Jalisco.jpg; sourceTree = "<group>"; };
		6553B67C1D25E82500BB49CE /* Nayarit.jpg */ = {isa = PBXFileReference; lastKnownFileType = image.jpeg; path = Nayarit.jpg; sourceTree = "<group>"; };
		6553B67D1D25E82500BB49CE /* Sinaloa.jpg */ = {isa = PBXFileReference; lastKnownFileType = image.jpeg; path = Sinaloa.jpg; sourceTree = "<group>"; };
		6553B67E1D25E82500BB49CE /* Sonora.jpg */ = {isa = PBXFileReference; lastKnownFileType = image.jpeg; path = Sonora.jpg; sourceTree = "<group>"; };
		D1B186E91D1DF92D0029CEC0 /* Navigation Controller.app */ = {isa = PBXFileReference; explicitFileType = wrapper.application; includeInIndex = 0; path = "Navigation Controller.app"; sourceTree = BUILT_PRODUCTS_DIR; };
		D1B186ED1D1DF92D0029CEC0 /* main.m */ = {isa = PBXFileReference; lastKnownFileType = sourcecode.c.objc; path = main.m; sourceTree = "<group>"; };
		D1B186EF1D1DF92D0029CEC0 /* AppDelegate.h */ = {isa = PBXFileReference; lastKnownFileType = sourcecode.c.h; path = AppDelegate.h; sourceTree = "<group>"; };
		D1B186F01D1DF92D0029CEC0 /* AppDelegate.m */ = {isa = PBXFileReference; lastKnownFileType = sourcecode.c.objc; path = AppDelegate.m; sourceTree = "<group>"; };
		D1B186F21D1DF92D0029CEC0 /* Home.h */ = {isa = PBXFileReference; lastKnownFileType = sourcecode.c.h; path = Home.h; sourceTree = "<group>"; };
		D1B186F31D1DF92D0029CEC0 /* Home.m */ = {isa = PBXFileReference; lastKnownFileType = sourcecode.c.objc; path = Home.m; sourceTree = "<group>"; };
		D1B186F61D1DF92D0029CEC0 /* Base */ = {isa = PBXFileReference; lastKnownFileType = file.storyboard; name = Base; path = Base.lproj/Main.storyboard; sourceTree = "<group>"; };
		D1B186F91D1DF92D0029CEC0 /* Navigation_Controller.xcdatamodel */ = {isa = PBXFileReference; lastKnownFileType = wrapper.xcdatamodel; path = Navigation_Controller.xcdatamodel; sourceTree = "<group>"; };
		D1B186FB1D1DF92D0029CEC0 /* Assets.xcassets */ = {isa = PBXFileReference; lastKnownFileType = folder.assetcatalog; path = Assets.xcassets; sourceTree = "<group>"; };
		D1B186FE1D1DF92D0029CEC0 /* Base */ = {isa = PBXFileReference; lastKnownFileType = file.storyboard; name = Base; path = Base.lproj/LaunchScreen.storyboard; sourceTree = "<group>"; };
		D1B187001D1DF92D0029CEC0 /* Info.plist */ = {isa = PBXFileReference; lastKnownFileType = text.plist.xml; path = Info.plist; sourceTree = "<group>"; };
		D1B187091D1DFCE90029CEC0 /* cellHome.h */ = {isa = PBXFileReference; fileEncoding = 4; lastKnownFileType = sourcecode.c.h; path = cellHome.h; sourceTree = "<group>"; };
		D1B1870A1D1DFCE90029CEC0 /* cellHome.m */ = {isa = PBXFileReference; fileEncoding = 4; lastKnownFileType = sourcecode.c.objc; path = cellHome.m; sourceTree = "<group>"; };
		D1B1870B1D1DFCE90029CEC0 /* cellHome.xib */ = {isa = PBXFileReference; fileEncoding = 4; lastKnownFileType = file.xib; path = cellHome.xib; sourceTree = "<group>"; };
		D1B1871B1D1E0C7B0029CEC0 /* DestinationDetails.h */ = {isa = PBXFileReference; fileEncoding = 4; lastKnownFileType = sourcecode.c.h; path = DestinationDetails.h; sourceTree = "<group>"; };
		D1B1871C1D1E0C7B0029CEC0 /* DestinationDetails.m */ = {isa = PBXFileReference; fileEncoding = 4; lastKnownFileType = sourcecode.c.objc; path = DestinationDetails.m; sourceTree = "<group>"; };
/* End PBXFileReference section */

/* Begin PBXFrameworksBuildPhase section */
		D1B186E61D1DF92D0029CEC0 /* Frameworks */ = {
			isa = PBXFrameworksBuildPhase;
			buildActionMask = 2147483647;
			files = (
			);
			runOnlyForDeploymentPostprocessing = 0;
		};
/* End PBXFrameworksBuildPhase section */

/* Begin PBXGroup section */
		6553B6471D25DB8000BB49CE /* img */ = {
			isa = PBXGroup;
			children = (
				6553B67A1D25E82500BB49CE /* BCS.jpg */,
				6553B67B1D25E82500BB49CE /* Jalisco.jpg */,
				6553B67C1D25E82500BB49CE /* Nayarit.jpg */,
				6553B67D1D25E82500BB49CE /* Sinaloa.jpg */,
				6553B67E1D25E82500BB49CE /* Sonora.jpg */,
				6553B6701D25E62D00BB49CE /* Bahia.jpg */,
				6553B6711D25E62D00BB49CE /* Compostela.jpg */,
				6553B6721D25E62D00BB49CE /* Sanblas.jpg */,
				6553B6731D25E62D00BB49CE /* Tecuala.jpg */,
				6553B6741D25E62D00BB49CE /* Tepic.jpg */,
				6553B6661D25E46B00BB49CE /* comondu.jpg */,
				6553B6671D25E46B00BB49CE /* lapaz.jpg */,
				6553B6681D25E46B00BB49CE /* Loreto.jpg */,
				6553B6691D25E46B00BB49CE /* Mulege.jpg */,
				6553B66A1D25E46B00BB49CE /* Santarosalia.jpg */,
				6553B65C1D25E36700BB49CE /* Hermosillo.jpg */,
				6553B65D1D25E36700BB49CE /* navojoa.jpg */,
				6553B65E1D25E36700BB49CE /* Nogales.png */,
				6553B65F1D25E36700BB49CE /* Rayon.jpg */,
				6553B6601D25E36700BB49CE /* Ures.jpg */,
				6553B6521D25E26D00BB49CE /* culiacan.jpg */,
				6553B6531D25E26D00BB49CE /* guasave.jpg */,
				6553B6541D25E26D00BB49CE /* losmochis.jpg */,
				6553B6551D25E26D00BB49CE /* mazatlan.jpg */,
				6553B6561D25E26D00BB49CE /* rosario.jpg */,
				6553B64A1D25DD0C00BB49CE /* arandas.jpg */,
				6553B64B1D25DD0C00BB49CE /* tonala.jpg */,
				6553B64C1D25DD0C00BB49CE /* vallarta.jpg */,
				6553B64D1D25DD0C00BB49CE /* zapopan.jpg */,
				6553B6481D25DB9100BB49CE /* gdl.jpg */,
			);
			name = img;
			sourceTree = "<group>";
		};
		D1B186E01D1DF92D0029CEC0 = {
			isa = PBXGroup;
			children = (
				D1B186EB1D1DF92D0029CEC0 /* Navigation Controller */,
				D1B186EA1D1DF92D0029CEC0 /* Products */,
			);
			sourceTree = "<group>";
		};
		D1B186EA1D1DF92D0029CEC0 /* Products */ = {
			isa = PBXGroup;
			children = (
				D1B186E91D1DF92D0029CEC0 /* Navigation Controller.app */,
			);
			name = Products;
			sourceTree = "<group>";
		};
		D1B186EB1D1DF92D0029CEC0 /* Navigation Controller */ = {
			isa = PBXGroup;
			children = (
				6553B6471D25DB8000BB49CE /* img */,
				D1B187071D1DF94C0029CEC0 /* Main */,
				D1B187061D1DF9440029CEC0 /* Controllers */,
				D1B187081D1DFCB10029CEC0 /* Cells */,
				D1B186F51D1DF92D0029CEC0 /* Main.storyboard */,
				D1B186FB1D1DF92D0029CEC0 /* Assets.xcassets */,
				D1B186FD1D1DF92D0029CEC0 /* LaunchScreen.storyboard */,
				D1B187001D1DF92D0029CEC0 /* Info.plist */,
				D1B186F81D1DF92D0029CEC0 /* Navigation_Controller.xcdatamodeld */,
				D1B186EC1D1DF92D0029CEC0 /* Supporting Files */,
			);
			path = "Navigation Controller";
			sourceTree = "<group>";
		};
		D1B186EC1D1DF92D0029CEC0 /* Supporting Files */ = {
			isa = PBXGroup;
			children = (
				D1B186ED1D1DF92D0029CEC0 /* main.m */,
			);
			name = "Supporting Files";
			sourceTree = "<group>";
		};
		D1B187061D1DF9440029CEC0 /* Controllers */ = {
			isa = PBXGroup;
			children = (
				D1B186F21D1DF92D0029CEC0 /* Home.h */,
				D1B186F31D1DF92D0029CEC0 /* Home.m */,
				D1B1871B1D1E0C7B0029CEC0 /* DestinationDetails.h */,
				D1B1871C1D1E0C7B0029CEC0 /* DestinationDetails.m */,
				654340721D2490460072E057 /* CityDetail.h */,
				654340731D2490460072E057 /* CityDetail.m */,
			);
			name = Controllers;
			sourceTree = "<group>";
		};
		D1B187071D1DF94C0029CEC0 /* Main */ = {
			isa = PBXGroup;
			children = (
				D1B186EF1D1DF92D0029CEC0 /* AppDelegate.h */,
				D1B186F01D1DF92D0029CEC0 /* AppDelegate.m */,
			);
			name = Main;
			sourceTree = "<group>";
		};
		D1B187081D1DFCB10029CEC0 /* Cells */ = {
			isa = PBXGroup;
			children = (
				D1B187091D1DFCE90029CEC0 /* cellHome.h */,
				D1B1870A1D1DFCE90029CEC0 /* cellHome.m */,
				D1B1870B1D1DFCE90029CEC0 /* cellHome.xib */,
				650CA6C71D235EDD0012058A /* cellCity.h */,
				650CA6C81D235EDD0012058A /* cellCity.m */,
				650CA6C91D235EDD0012058A /* cellCity.xib */,
			);
			name = Cells;
			sourceTree = "<group>";
		};
/* End PBXGroup section */

/* Begin PBXNativeTarget section */
		D1B186E81D1DF92D0029CEC0 /* Navigation Controller */ = {
			isa = PBXNativeTarget;
			buildConfigurationList = D1B187031D1DF92D0029CEC0 /* Build configuration list for PBXNativeTarget "Navigation Controller" */;
			buildPhases = (
				D1B186E51D1DF92D0029CEC0 /* Sources */,
				D1B186E61D1DF92D0029CEC0 /* Frameworks */,
				D1B186E71D1DF92D0029CEC0 /* Resources */,
			);
			buildRules = (
			);
			dependencies = (
			);
			name = "Navigation Controller";
			productName = "Navigation Controller";
			productReference = D1B186E91D1DF92D0029CEC0 /* Navigation Controller.app */;
			productType = "com.apple.product-type.application";
		};
/* End PBXNativeTarget section */

/* Begin PBXProject section */
		D1B186E11D1DF92D0029CEC0 /* Project object */ = {
			isa = PBXProject;
			attributes = {
				LastUpgradeCheck = 0730;
				ORGANIZATIONNAME = Smartplace;
				TargetAttributes = {
					D1B186E81D1DF92D0029CEC0 = {
						CreatedOnToolsVersion = 7.3;
					};
				};
			};
			buildConfigurationList = D1B186E41D1DF92D0029CEC0 /* Build configuration list for PBXProject "Navigation Controller" */;
			compatibilityVersion = "Xcode 3.2";
			developmentRegion = English;
			hasScannedForEncodings = 0;
			knownRegions = (
				en,
				Base,
			);
			mainGroup = D1B186E01D1DF92D0029CEC0;
			productRefGroup = D1B186EA1D1DF92D0029CEC0 /* Products */;
			projectDirPath = "";
			projectRoot = "";
			targets = (
				D1B186E81D1DF92D0029CEC0 /* Navigation Controller */,
			);
		};
/* End PBXProject section */

/* Begin PBXResourcesBuildPhase section */
		D1B186E71D1DF92D0029CEC0 /* Resources */ = {
			isa = PBXResourcesBuildPhase;
			buildActionMask = 2147483647;
			files = (
				6553B6791D25E62D00BB49CE /* Tepic.jpg in Resources */,
				6553B6581D25E26D00BB49CE /* guasave.jpg in Resources */,
				6553B66F1D25E46B00BB49CE /* Santarosalia.jpg in Resources */,
				6553B6611D25E36700BB49CE /* Hermosillo.jpg in Resources */,
				6553B6651D25E36700BB49CE /* Ures.jpg in Resources */,
				6553B6621D25E36700BB49CE /* navojoa.jpg in Resources */,
				6553B6631D25E36700BB49CE /* Nogales.png in Resources */,
				6553B6811D25E82500BB49CE /* Nayarit.jpg in Resources */,
				D1B186FF1D1DF92D0029CEC0 /* LaunchScreen.storyboard in Resources */,
				D1B186FC1D1DF92D0029CEC0 /* Assets.xcassets in Resources */,
				6553B65A1D25E26D00BB49CE /* mazatlan.jpg in Resources */,
				6553B6511D25DD0C00BB49CE /* zapopan.jpg in Resources */,
				6553B64F1D25DD0C00BB49CE /* tonala.jpg in Resources */,
				6553B66C1D25E46B00BB49CE /* lapaz.jpg in Resources */,
				6553B66B1D25E46B00BB49CE /* comondu.jpg in Resources */,
				6553B6501D25DD0C00BB49CE /* vallarta.jpg in Resources */,
				6553B66D1D25E46B00BB49CE /* Loreto.jpg in Resources */,
				6553B66E1D25E46B00BB49CE /* Mulege.jpg in Resources */,
				6553B6781D25E62D00BB49CE /* Tecuala.jpg in Resources */,
				6553B64E1D25DD0C00BB49CE /* arandas.jpg in Resources */,
				6553B6771D25E62D00BB49CE /* Sanblas.jpg in Resources */,
				6553B6821D25E82500BB49CE /* Sinaloa.jpg in Resources */,
				6553B6761D25E62D00BB49CE /* Compostela.jpg in Resources */,
				6553B6491D25DB9100BB49CE /* gdl.jpg in Resources */,
				6553B6831D25E82500BB49CE /* Sonora.jpg in Resources */,
				6553B6571D25E26D00BB49CE /* culiacan.jpg in Resources */,
				6553B6641D25E36700BB49CE /* Rayon.jpg in Resources */,
				650CA6CB1D235EDD0012058A /* cellCity.xib in Resources */,
				6553B6591D25E26D00BB49CE /* losmochis.jpg in Resources */,
				6553B67F1D25E82500BB49CE /* BCS.jpg in Resources */,
				6553B65B1D25E26D00BB49CE /* rosario.jpg in Resources */,
				D1B1870D1D1DFCE90029CEC0 /* cellHome.xib in Resources */,
				D1B186F71D1DF92D0029CEC0 /* Main.storyboard in Resources */,
				6553B6751D25E62D00BB49CE /* Bahia.jpg in Resources */,
				6553B6801D25E82500BB49CE /* Jalisco.jpg in Resources */,
			);
			runOnlyForDeploymentPostprocessing = 0;
		};
/* End PBXResourcesBuildPhase section */

/* Begin PBXSourcesBuildPhase section */
		D1B186E51D1DF92D0029CEC0 /* Sources */ = {
			isa = PBXSourcesBuildPhase;
			buildActionMask = 2147483647;
			files = (
				D1B186F41D1DF92D0029CEC0 /* Home.m in Sources */,
				D1B186FA1D1DF92D0029CEC0 /* Navigation_Controller.xcdatamodeld in Sources */,
				D1B186F11D1DF92D0029CEC0 /* AppDelegate.m in Sources */,
				654340741D2490460072E057 /* CityDetail.m in Sources */,
				D1B1870C1D1DFCE90029CEC0 /* cellHome.m in Sources */,
				D1B186EE1D1DF92D0029CEC0 /* main.m in Sources */,
				D1B1871D1D1E0C7B0029CEC0 /* DestinationDetails.m in Sources */,
				650CA6CA1D235EDD0012058A /* cellCity.m in Sources */,
			);
			runOnlyForDeploymentPostprocessing = 0;
		};
/* End PBXSourcesBuildPhase section */

/* Begin PBXVariantGroup section */
		D1B186F51D1DF92D0029CEC0 /* Main.storyboard */ = {
			isa = PBXVariantGroup;
			children = (
				D1B186F61D1DF92D0029CEC0 /* Base */,
			);
			name = Main.storyboard;
			sourceTree = "<group>";
		};
		D1B186FD1D1DF92D0029CEC0 /* LaunchScreen.storyboard */ = {
			isa = PBXVariantGroup;
			children = (
				D1B186FE1D1DF92D0029CEC0 /* Base */,
			);
			name = LaunchScreen.storyboard;
			sourceTree = "<group>";
		};
/* End PBXVariantGroup section */

/* Begin XCBuildConfiguration section */
		D1B187011D1DF92D0029CEC0 /* Debug */ = {
			isa = XCBuildConfiguration;
			buildSettings = {
				ALWAYS_SEARCH_USER_PATHS = NO;
				CLANG_ANALYZER_NONNULL = YES;
				CLANG_CXX_LANGUAGE_STANDARD = "gnu++0x";
				CLANG_CXX_LIBRARY = "libc++";
				CLANG_ENABLE_MODULES = YES;
				CLANG_ENABLE_OBJC_ARC = YES;
				CLANG_WARN_BOOL_CONVERSION = YES;
				CLANG_WARN_CONSTANT_CONVERSION = YES;
				CLANG_WARN_DIRECT_OBJC_ISA_USAGE = YES_ERROR;
				CLANG_WARN_EMPTY_BODY = YES;
				CLANG_WARN_ENUM_CONVERSION = YES;
				CLANG_WARN_INT_CONVERSION = YES;
				CLANG_WARN_OBJC_ROOT_CLASS = YES_ERROR;
				CLANG_WARN_UNREACHABLE_CODE = YES;
				CLANG_WARN__DUPLICATE_METHOD_MATCH = YES;
				"CODE_SIGN_IDENTITY[sdk=iphoneos*]" = "iPhone Developer";
				COPY_PHASE_STRIP = NO;
				DEBUG_INFORMATION_FORMAT = dwarf;
				ENABLE_STRICT_OBJC_MSGSEND = YES;
				ENABLE_TESTABILITY = YES;
				GCC_C_LANGUAGE_STANDARD = gnu99;
				GCC_DYNAMIC_NO_PIC = NO;
				GCC_NO_COMMON_BLOCKS = YES;
				GCC_OPTIMIZATION_LEVEL = 0;
				GCC_PREPROCESSOR_DEFINITIONS = (
					"DEBUG=1",
					"$(inherited)",
				);
				GCC_WARN_64_TO_32_BIT_CONVERSION = YES;
				GCC_WARN_ABOUT_RETURN_TYPE = YES_ERROR;
				GCC_WARN_UNDECLARED_SELECTOR = YES;
				GCC_WARN_UNINITIALIZED_AUTOS = YES_AGGRESSIVE;
				GCC_WARN_UNUSED_FUNCTION = YES;
				GCC_WARN_UNUSED_VARIABLE = YES;
				IPHONEOS_DEPLOYMENT_TARGET = 9.3;
				MTL_ENABLE_DEBUG_INFO = YES;
				ONLY_ACTIVE_ARCH = YES;
				SDKROOT = iphoneos;
			};
			name = Debug;
		};
		D1B187021D1DF92D0029CEC0 /* Release */ = {
			isa = XCBuildConfiguration;
			buildSettings = {
				ALWAYS_SEARCH_USER_PATHS = NO;
				CLANG_ANALYZER_NONNULL = YES;
				CLANG_CXX_LANGUAGE_STANDARD = "gnu++0x";
				CLANG_CXX_LIBRARY = "libc++";
				CLANG_ENABLE_MODULES = YES;
				CLANG_ENABLE_OBJC_ARC = YES;
				CLANG_WARN_BOOL_CONVERSION = YES;
				CLANG_WARN_CONSTANT_CONVERSION = YES;
				CLANG_WARN_DIRECT_OBJC_ISA_USAGE = YES_ERROR;
				CLANG_WARN_EMPTY_BODY = YES;
				CLANG_WARN_ENUM_CONVERSION = YES;
				CLANG_WARN_INT_CONVERSION = YES;
				CLANG_WARN_OBJC_ROOT_CLASS = YES_ERROR;
				CLANG_WARN_UNREACHABLE_CODE = YES;
				CLANG_WARN__DUPLICATE_METHOD_MATCH = YES;
				"CODE_SIGN_IDENTITY[sdk=iphoneos*]" = "iPhone Developer";
				COPY_PHASE_STRIP = NO;
				DEBUG_INFORMATION_FORMAT = "dwarf-with-dsym";
				ENABLE_NS_ASSERTIONS = NO;
				ENABLE_STRICT_OBJC_MSGSEND = YES;
				GCC_C_LANGUAGE_STANDARD = gnu99;
				GCC_NO_COMMON_BLOCKS = YES;
				GCC_WARN_64_TO_32_BIT_CONVERSION = YES;
				GCC_WARN_ABOUT_RETURN_TYPE = YES_ERROR;
				GCC_WARN_UNDECLARED_SELECTOR = YES;
				GCC_WARN_UNINITIALIZED_AUTOS = YES_AGGRESSIVE;
				GCC_WARN_UNUSED_FUNCTION = YES;
				GCC_WARN_UNUSED_VARIABLE = YES;
				IPHONEOS_DEPLOYMENT_TARGET = 9.3;
				MTL_ENABLE_DEBUG_INFO = NO;
				SDKROOT = iphoneos;
				VALIDATE_PRODUCT = YES;
			};
			name = Release;
		};
		D1B187041D1DF92D0029CEC0 /* Debug */ = {
			isa = XCBuildConfiguration;
			buildSettings = {
				ASSETCATALOG_COMPILER_APPICON_NAME = AppIcon;
				INFOPLIST_FILE = "Navigation Controller/Info.plist";
				LD_RUNPATH_SEARCH_PATHS = "$(inherited) @executable_path/Frameworks";
				PRODUCT_BUNDLE_IDENTIFIER = "com.smartplace.Navigation-Controller";
				PRODUCT_NAME = "$(TARGET_NAME)";
			};
			name = Debug;
		};
		D1B187051D1DF92D0029CEC0 /* Release */ = {
			isa = XCBuildConfiguration;
			buildSettings = {
				ASSETCATALOG_COMPILER_APPICON_NAME = AppIcon;
				INFOPLIST_FILE = "Navigation Controller/Info.plist";
				LD_RUNPATH_SEARCH_PATHS = "$(inherited) @executable_path/Frameworks";
				PRODUCT_BUNDLE_IDENTIFIER = "com.smartplace.Navigation-Controller";
				PRODUCT_NAME = "$(TARGET_NAME)";
			};
			name = Release;
		};
/* End XCBuildConfiguration section */

/* Begin XCConfigurationList section */
		D1B186E41D1DF92D0029CEC0 /* Build configuration list for PBXProject "Navigation Controller" */ = {
			isa = XCConfigurationList;
			buildConfigurations = (
				D1B187011D1DF92D0029CEC0 /* Debug */,
				D1B187021D1DF92D0029CEC0 /* Release */,
			);
			defaultConfigurationIsVisible = 0;
			defaultConfigurationName = Release;
		};
		D1B187031D1DF92D0029CEC0 /* Build configuration list for PBXNativeTarget "Navigation Controller" */ = {
			isa = XCConfigurationList;
			buildConfigurations = (
				D1B187041D1DF92D0029CEC0 /* Debug */,
				D1B187051D1DF92D0029CEC0 /* Release */,
			);
			defaultConfigurationIsVisible = 0;
			defaultConfigurationName = Release;
		};
/* End XCConfigurationList section */

/* Begin XCVersionGroup section */
		D1B186F81D1DF92D0029CEC0 /* Navigation_Controller.xcdatamodeld */ = {
			isa = XCVersionGroup;
			children = (
				D1B186F91D1DF92D0029CEC0 /* Navigation_Controller.xcdatamodel */,
			);
			currentVersion = D1B186F91D1DF92D0029CEC0 /* Navigation_Controller.xcdatamodel */;
			path = Navigation_Controller.xcdatamodeld;
			sourceTree = "<group>";
			versionGroupType = wrapper.xcdatamodel;
		};
/* End XCVersionGroup section */
	};
	rootObject = D1B186E11D1DF92D0029CEC0 /* Project object */;
}
